
Microsoft Visual Studio Solution File, Format Version 11.00
# Visual Studio 2010
Project("{8BC9CEB8-8B4A-11D0-8D11-00A0C91BC942}") = "GameApplication", "GameApplication\GameApplication.vcxproj", "{C19D54CE-5430-4FA5-A61F-DB3AE6A65B26}"
	ProjectSection(ProjectDependencies) = postProject
		{DB0E915C-43B1-49A3-A126-3551BF087FFE} = {DB0E915C-43B1-49A3-A126-3551BF087FFE}
	EndProjectSection
EndProject
Project("{8BC9CEB8-8B4A-11D0-8D11-00A0C91BC942}") = "Window", "Window\Window.vcxproj", "{DB0E915C-43B1-49A3-A126-3551BF087FFE}"
EndProject
Project("{8BC9CEB8-8B4A-11D0-8D11-00A0C91BC942}") = "Lab1", "Lab1\Lab1.vcxproj", "{08322DFB-3579-46C7-8A52-4FC241ED892F}"
	ProjectSection(ProjectDependencies) = postProject
		{6EA8143A-76A3-4A44-992C-77CE1EAA572D} = {6EA8143A-76A3-4A44-992C-77CE1EAA572D}
		{DB0E915C-43B1-49A3-A126-3551BF087FFE} = {DB0E915C-43B1-49A3-A126-3551BF087FFE}
		{07BB296C-CC8A-4AB9-9B0C-76E7F61F6C79} = {07BB296C-CC8A-4AB9-9B0C-76E7F61F6C79}
		{C19D54CE-5430-4FA5-A61F-DB3AE6A65B26} = {C19D54CE-5430-4FA5-A61F-DB3AE6A65B26}
	EndProjectSection
EndProject
Project("{8BC9CEB8-8B4A-11D0-8D11-00A0C91BC942}") = "Renderer", "Renderer\Renderer.vcxproj", "{6EA8143A-76A3-4A44-992C-77CE1EAA572D}"
EndProject
Project("{8BC9CEB8-8B4A-11D0-8D11-00A0C91BC942}") = "D3D10Renderer", "D3D10Renderer\D3D10Renderer.vcxproj", "{07BB296C-CC8A-4AB9-9B0C-76E7F61F6C79}"
EndProject
Project("{2150E333-8FDC-42A3-9474-1A3956D46DE8}") = "Textures", "Textures", "{45CF4880-82E4-457C-AAE8-C9DC7A789059}"
	ProjectSection(SolutionItems) = preProject
		D:\Shaders\Texturing\Texturing.fx = D:\Shaders\Texturing\Texturing.fx
	EndProjectSection
EndProject
Global
	GlobalSection(SolutionConfigurationPlatforms) = preSolution
		Debug|Itanium = Debug|Itanium
		Debug|Win32 = Debug|Win32
		Release|Itanium = Release|Itanium
		Release|Win32 = Release|Win32
	EndGlobalSection
	GlobalSection(ProjectConfigurationPlatforms) = postSolution
		{C19D54CE-5430-4FA5-A61F-DB3AE6A65B26}.Debug|Itanium.ActiveCfg = Debug|Win32
		{C19D54CE-5430-4FA5-A61F-DB3AE6A65B26}.Debug|Itanium.Build.0 = Debug|Win32
		{C19D54CE-5430-4FA5-A61F-DB3AE6A65B26}.Debug|Win32.ActiveCfg = Debug|Win32
		{C19D54CE-5430-4FA5-A61F-DB3AE6A65B26}.Debug|Win32.Build.0 = Debug|Win32
		{C19D54CE-5430-4FA5-A61F-DB3AE6A65B26}.Release|Itanium.ActiveCfg = Release|Itanium
		{C19D54CE-5430-4FA5-A61F-DB3AE6A65B26}.Release|Itanium.Build.0 = Release|Itanium
		{C19D54CE-5430-4FA5-A61F-DB3AE6A65B26}.Release|Win32.ActiveCfg = Release|Win32
		{C19D54CE-5430-4FA5-A61F-DB3AE6A65B26}.Release|Win32.Build.0 = Release|Win32
		{DB0E915C-43B1-49A3-A126-3551BF087FFE}.Debug|Itanium.ActiveCfg = Debug|Win32
		{DB0E915C-43B1-49A3-A126-3551BF087FFE}.Debug|Win32.ActiveCfg = Debug|Win32
		{DB0E915C-43B1-49A3-A126-3551BF087FFE}.Debug|Win32.Build.0 = Debug|Win32
		{DB0E915C-43B1-49A3-A126-3551BF087FFE}.Release|Itanium.ActiveCfg = Release|Win32
		{DB0E915C-43B1-49A3-A126-3551BF087FFE}.Release|Win32.ActiveCfg = Release|Win32
		{DB0E915C-43B1-49A3-A126-3551BF087FFE}.Release|Win32.Build.0 = Release|Win32
		{08322DFB-3579-46C7-8A52-4FC241ED892F}.Debug|Itanium.ActiveCfg = Debug|Win32
		{08322DFB-3579-46C7-8A52-4FC241ED892F}.Debug|Win32.ActiveCfg = Debug|Win32
		{08322DFB-3579-46C7-8A52-4FC241ED892F}.Debug|Win32.Build.0 = Debug|Win32
		{08322DFB-3579-46C7-8A52-4FC241ED892F}.Release|Itanium.ActiveCfg = Release|Win32
		{08322DFB-3579-46C7-8A52-4FC241ED892F}.Release|Win32.ActiveCfg = Release|Win32
		{08322DFB-3579-46C7-8A52-4FC241ED892F}.Release|Win32.Build.0 = Release|Win32
		{6EA8143A-76A3-4A44-992C-77CE1EAA572D}.Debug|Itanium.ActiveCfg = Debug|Win32
		{6EA8143A-76A3-4A44-992C-77CE1EAA572D}.Debug|Win32.ActiveCfg = Debug|Win32
		{6EA8143A-76A3-4A44-992C-77CE1EAA572D}.Debug|Win32.Build.0 = Debug|Win32
		{6EA8143A-76A3-4A44-992C-77CE1EAA572D}.Release|Itanium.ActiveCfg = Release|Win32
		{6EA8143A-76A3-4A44-992C-77CE1EAA572D}.Release|Win32.ActiveCfg = Release|Win32
		{6EA8143A-76A3-4A44-992C-77CE1EAA572D}.Release|Win32.Build.0 = Release|Win32
		{07BB296C-CC8A-4AB9-9B0C-76E7F61F6C79}.Debug|Itanium.ActiveCfg = Debug|Win32
		{07BB296C-CC8A-4AB9-9B0C-76E7F61F6C79}.Debug|Win32.ActiveCfg = Debug|Win32
		{07BB296C-CC8A-4AB9-9B0C-76E7F61F6C79}.Debug|Win32.Build.0 = Debug|Win32
		{07BB296C-CC8A-4AB9-9B0C-76E7F61F6C79}.Release|Itanium.ActiveCfg = Release|Win32
		{07BB296C-CC8A-4AB9-9B0C-76E7F61F6C79}.Release|Win32.ActiveCfg = Release|Win32
		{07BB296C-CC8A-4AB9-9B0C-76E7F61F6C79}.Release|Win32.Build.0 = Release|Win32
	EndGlobalSection
	GlobalSection(SolutionProperties) = preSolution
		HideSolutionNode = FALSE
	EndGlobalSection
EndGlobal
